
Microsoft Visual Studio Solution File, Format Version 12.00
# Visual Studio Version 17
VisualStudioVersion = 17.8.34408.163
MinimumVisualStudioVersion = 10.0.40219.1
Project("{FAE04EC0-301F-11D3-BF4B-00C04F79EFBC}") = "Recursion Prac", "Recursion Prac\Recursion Prac.csproj", "{0ACB81A7-9514-45AC-9039-E5E7712DA1CC}"
EndProject
Global
	GlobalSection(SolutionConfigurationPlatforms) = preSolution
		Debug|Any CPU = Debug|Any CPU
		Release|Any CPU = Release|Any CPU
	EndGlobalSection
	GlobalSection(ProjectConfigurationPlatforms) = postSolution
		{0ACB81A7-9514-45AC-9039-E5E7712DA1CC}.Debug|Any CPU.ActiveCfg = Debug|Any CPU
		{0ACB81A7-9514-45AC-9039-E5E7712DA1CC}.Debug|Any CPU.Build.0 = Debug|Any CPU
		{0ACB81A7-9514-45AC-9039-E5E7712DA1CC}.Release|Any CPU.ActiveCfg = Release|Any CPU
		{0ACB81A7-9514-45AC-9039-E5E7712DA1CC}.Release|Any CPU.Build.0 = Release|Any CPU
	EndGlobalSection
	GlobalSection(SolutionProperties) = preSolution
		HideSolutionNode = FALSE
	EndGlobalSection
	GlobalSection(ExtensibilityGlobals) = postSolution
		SolutionGuid = {C586A985-4C4B-4801-AD50-F7D3D6367BC0}
	EndGlobalSection
EndGlobal
